
Microsoft Visual Studio Solution File, Format Version 12.00
# Visual Studio Version 17
VisualStudioVersion = 17.0.31903.59
MinimumVisualStudioVersion = 10.0.40219.1
Project("{FAE04EC0-301F-11D3-BF4B-00C04F79EFBC}") = "SandBox", "SandBox\SandBox.csproj", "{129AF9C4-6523-4FA7-8BBB-400FED50B23F}"
EndProject
Global
	GlobalSection(SolutionConfigurationPlatforms) = preSolution
		Debug|Any CPU = Debug|Any CPU
		Release|Any CPU = Release|Any CPU
	EndGlobalSection
	GlobalSection(ProjectConfigurationPlatforms) = postSolution
		{129AF9C4-6523-4FA7-8BBB-400FED50B23F}.Debug|Any CPU.ActiveCfg = Debug|Any CPU
		{129AF9C4-6523-4FA7-8BBB-400FED50B23F}.Debug|Any CPU.Build.0 = Debug|Any CPU
		{129AF9C4-6523-4FA7-8BBB-400FED50B23F}.Release|Any CPU.ActiveCfg = Release|Any CPU
		{129AF9C4-6523-4FA7-8BBB-400FED50B23F}.Release|Any CPU.Build.0 = Release|Any CPU
	EndGlobalSection
	GlobalSection(SolutionProperties) = preSolution
		HideSolutionNode = FALSE
	EndGlobalSection
	GlobalSection(ExtensibilityGlobals) = postSolution
		SolutionGuid = {22A68316-2EBD-4C8D-9632-87C26ABA1799}
	EndGlobalSection
EndGlobal
